
Microsoft Visual Studio Solution File, Format Version 12.00
# Visual Studio 2013
VisualStudioVersion = 12.0.40629.0
MinimumVisualStudioVersion = 10.0.40219.1
Project("{FAE04EC0-301F-11D3-BF4B-00C04F79EFBC}") = "ProtonType.Contracts.WP7_1", "ProtonType.Contracts\ProtonType.Contracts.WP7_1.csproj", "{D4F3A265-F93D-4C17-8644-3FDE8B87972D}"
EndProject
Global
	GlobalSection(SolutionConfigurationPlatforms) = preSolution
		Debug|Windows Phone = Debug|Windows Phone
		Release|Windows Phone = Release|Windows Phone
	EndGlobalSection
	GlobalSection(ProjectConfigurationPlatforms) = postSolution
		{D4F3A265-F93D-4C17-8644-3FDE8B87972D}.Debug|Windows Phone.ActiveCfg = Debug|Windows Phone
		{D4F3A265-F93D-4C17-8644-3FDE8B87972D}.Debug|Windows Phone.Build.0 = Debug|Windows Phone
		{D4F3A265-F93D-4C17-8644-3FDE8B87972D}.Release|Windows Phone.ActiveCfg = Release|Windows Phone
		{D4F3A265-F93D-4C17-8644-3FDE8B87972D}.Release|Windows Phone.Build.0 = Release|Windows Phone
	EndGlobalSection
	GlobalSection(SolutionProperties) = preSolution
		HideSolutionNode = FALSE
	EndGlobalSection
EndGlobal
