
Microsoft Visual Studio Solution File, Format Version 12.00
# Visual Studio 15
VisualStudioVersion = 15.0.28307.1433
MinimumVisualStudioVersion = 10.0.40219.1
Project("{FAE04EC0-301F-11D3-BF4B-00C04F79EFBC}") = "ProtonType.Framework.NET4", "ProtonType.Framework\ProtonType.Framework.NET4.csproj", "{7ED07123-58DF-440E-BE73-FA37F48AF799}"
EndProject
Project("{FAE04EC0-301F-11D3-BF4B-00C04F79EFBC}") = "ProtonType.FileSystem.NET4", "ProtonType.FileSystem\ProtonType.FileSystem.NET4.csproj", "{98E2187D-2831-419D-A90F-723AC645D9ED}"
EndProject
Global
	GlobalSection(SolutionConfigurationPlatforms) = preSolution
		Debug|Any CPU = Debug|Any CPU
		Release|Any CPU = Release|Any CPU
	EndGlobalSection
	GlobalSection(ProjectConfigurationPlatforms) = postSolution
		{7ED07123-58DF-440E-BE73-FA37F48AF799}.Debug|Any CPU.ActiveCfg = Debug|Any CPU
		{7ED07123-58DF-440E-BE73-FA37F48AF799}.Debug|Any CPU.Build.0 = Debug|Any CPU
		{7ED07123-58DF-440E-BE73-FA37F48AF799}.Release|Any CPU.ActiveCfg = Release|Any CPU
		{7ED07123-58DF-440E-BE73-FA37F48AF799}.Release|Any CPU.Build.0 = Release|Any CPU
		{98E2187D-2831-419D-A90F-723AC645D9ED}.Debug|Any CPU.ActiveCfg = Debug|Any CPU
		{98E2187D-2831-419D-A90F-723AC645D9ED}.Debug|Any CPU.Build.0 = Debug|Any CPU
		{98E2187D-2831-419D-A90F-723AC645D9ED}.Release|Any CPU.ActiveCfg = Release|Any CPU
		{98E2187D-2831-419D-A90F-723AC645D9ED}.Release|Any CPU.Build.0 = Release|Any CPU
	EndGlobalSection
	GlobalSection(SolutionProperties) = preSolution
		HideSolutionNode = FALSE
	EndGlobalSection
	GlobalSection(ExtensibilityGlobals) = postSolution
		SolutionGuid = {759736D0-F931-4074-8386-F42EA1723A76}
	EndGlobalSection
EndGlobal
